# @generated - this file is auto-generated by `mise lock` https://mise.jdx.dev/dev-tools/mise-lock.html

lockfile_version = 1

[[tools."aqua:abiosoft/colima"]]
version = "0.10.3"
backend = "aqua:abiosoft/colima"
specifiers = ["0.10.3"]

[tools."aqua:abiosoft/colima"."platforms.linux-arm64"]
checksum = "sha256:ebb69208007484ac36b8a6ba72a797189b0daa88f8b31bc2b563e82b9c91cb70"
url = "https://github.com/abiosoft/colima/releases/download/v0.10.3/colima-Linux-aarch64"
url_api = "https://api.github.com/repos/abiosoft/colima/releases/assets/438456730"

[tools."aqua:abiosoft/colima"."platforms.linux-x64"]
checksum = "sha256:54ea35f4847815d0a1445dbc2bc3dd6469518a38a9e960449e96b044d248d00d"
url = "https://github.com/abiosoft/colima/releases/download/v0.10.3/colima-Linux-x86_64"
url_api = "https://api.github.com/repos/abiosoft/colima/releases/assets/438456720"

[tools."aqua:abiosoft/colima"."platforms.macos-arm64"]
checksum = "sha256:980ad8bf61a4ca370243f4cb41401a61276dcd2c2502bee7b9b86f9250169f34"
url = "https://github.com/abiosoft/colima/releases/download/v0.10.3/colima-Darwin-arm64"
url_api = "https://api.github.com/repos/abiosoft/colima/releases/assets/438456725"

[[tools."aqua:docker/buildx"]]
version = "0.37.1"
backend = "aqua:docker/buildx"
specifiers = ["latest"]

[tools."aqua:docker/buildx"."platforms.linux-arm64"]
checksum = "sha256:e5cc9fe3bbff5cbc91230981f7860e06076110730a2db997082652199042a1f2"
url = "https://github.com/docker/buildx/releases/download/v0.37.1/buildx-v0.37.1.linux-arm64"
url_api = "https://api.github.com/repos/docker/buildx/releases/assets/557511552"
provenance = "cosign"

[tools."aqua:docker/buildx"."platforms.linux-x64"]
checksum = "sha256:9447199cdb435f25880548343c128a4b6650e8891ee598905d8d29d39a8e359b"
url = "https://github.com/docker/buildx/releases/download/v0.37.1/buildx-v0.37.1.linux-amd64"
url_api = "https://api.github.com/repos/docker/buildx/releases/assets/557511570"
provenance = "cosign"

[tools."aqua:docker/buildx"."platforms.macos-arm64"]
checksum = "sha256:c3cbbc820d578b0aa8158dd62ef1af25a0c8a75ef53331dbe4e219471e1dbe8c"
url = "https://github.com/docker/buildx/releases/download/v0.37.1/buildx-v0.37.1.darwin-arm64"
url_api = "https://api.github.com/repos/docker/buildx/releases/assets/557519683"

[[tools."aqua:docker/cli"]]
version = "29.8.1"
backend = "aqua:docker/cli"
specifiers = ["29.8.1"]

[tools."aqua:docker/cli"."platforms.linux-arm64"]
url = "https://download.docker.com/linux/static/stable/aarch64/docker-29.8.1.tgz"

[tools."aqua:docker/cli"."platforms.linux-x64"]
url = "https://download.docker.com/linux/static/stable/x86_64/docker-29.8.1.tgz"

[tools."aqua:docker/cli"."platforms.macos-arm64"]
checksum = "blake3:6593c6a72fc3d59ba25584cde3138b450ab3c6269ff722b548bcf9ab2f46b05a"
url = "https://download.docker.com/mac/static/stable/aarch64/docker-29.8.1.tgz"

[[tools."aqua:lima-vm/lima"]]
version = "2.2.0"
backend = "aqua:lima-vm/lima"
specifiers = ["2.2.0"]

[tools."aqua:lima-vm/lima"."platforms.linux-arm64"]
checksum = "sha256:7c6a09c6844f55f811e9b7b2b60a6070a512c696c8ec752dfdb3c8ed50ed0364"
url = "https://github.com/lima-vm/lima/releases/download/v2.2.0/lima-2.2.0-Linux-aarch64.tar.gz"
url_api = "https://api.github.com/repos/lima-vm/lima/releases/assets/484813992"
provenance = "github-attestations"

[tools."aqua:lima-vm/lima"."platforms.linux-x64"]
checksum = "sha256:a0ea1ccf6b7335a900adb5f8d2b8384457965fecb1ba72f09b4e3e46d12f424a"
url = "https://github.com/lima-vm/lima/releases/download/v2.2.0/lima-2.2.0-Linux-x86_64.tar.gz"
url_api = "https://api.github.com/repos/lima-vm/lima/releases/assets/484813993"
provenance = "github-attestations"

[tools."aqua:lima-vm/lima"."platforms.macos-arm64"]
checksum = "sha256:bbdef91774885a0d05f7b048c4eb89ae2bcf3a0c252ae7ca7934e63df76d93c3"
url = "https://github.com/lima-vm/lima/releases/download/v2.2.0/lima-2.2.0-Darwin-arm64.tar.gz"
url_api = "https://api.github.com/repos/lima-vm/lima/releases/assets/484813994"
provenance = "github-attestations"

[[tools."github:docker/compose"]]
version = "5.5.1"
backend = "github:docker/compose"
specifiers = ["5.5.1"]

[tools."github:docker/compose"."platforms.linux-arm64"]
checksum = "sha256:732e3a84c1a0f67256ce80bc2598a24546b10ca05f9faa97efceb1171ece2ef7"
url = "https://github.com/docker/compose/releases/download/v5.5.1/docker-compose-linux-aarch64"
url_api = "https://api.github.com/repos/docker/compose/releases/assets/542966295"

[tools."github:docker/compose"."platforms.linux-arm64".provenance.slsa]
url = "https://github.com/docker/compose/releases/download/v5.5.1/docker-compose-linux-aarch64.provenance.json"

[tools."github:docker/compose"."platforms.linux-x64"]
checksum = "sha256:db1889184726840f75c4f9c001048430d4f25b3be3cb084d3ddd762bc0aed576"
url = "https://github.com/docker/compose/releases/download/v5.5.1/docker-compose-linux-x86_64"
url_api = "https://api.github.com/repos/docker/compose/releases/assets/542966285"

[tools."github:docker/compose"."platforms.linux-x64".provenance.slsa]
url = "https://github.com/docker/compose/releases/download/v5.5.1/docker-compose-linux-x86_64.provenance.json"

[tools."github:docker/compose"."platforms.macos-arm64"]
checksum = "sha256:998735c9b6fe68a4f05895e6ea73d71ad06f9fc7046383ad89e47346781b6af5"
url = "https://github.com/docker/compose/releases/download/v5.5.1/docker-compose-darwin-aarch64"
url_api = "https://api.github.com/repos/docker/compose/releases/assets/542966325"
