# @generated - this file is auto-generated by `mise lock` https://mise.jdx.dev/dev-tools/mise-lock.html

lockfile_version = 1

[[tools."aqua:abiosoft/colima"]]
version = "0.10.3"
backend = "aqua:abiosoft/colima"
specifiers = ["0.10.3"]

[tools."aqua:abiosoft/colima"."platforms.macos-arm64"]
checksum = "sha256:980ad8bf61a4ca370243f4cb41401a61276dcd2c2502bee7b9b86f9250169f34"
url = "https://github.com/abiosoft/colima/releases/download/v0.10.3/colima-Darwin-arm64"
url_api = "https://api.github.com/repos/abiosoft/colima/releases/assets/438456725"

[[tools."aqua:docker/buildx"]]
version = "0.36.1"
backend = "aqua:docker/buildx"
specifiers = ["latest"]

[tools."aqua:docker/buildx"."platforms.macos-arm64"]
checksum = "sha256:214cdc36788602862dbc82b523d58648b4585c7b0ff95218b0817c44db5573d7"
url = "https://github.com/docker/buildx/releases/download/v0.36.1/buildx-v0.36.1.darwin-arm64"
url_api = "https://api.github.com/repos/docker/buildx/releases/assets/501530579"

[[tools."aqua:docker/cli"]]
version = "29.7.2"
backend = "aqua:docker/cli"
specifiers = ["29.7.2"]

[tools."aqua:docker/cli"."platforms.macos-arm64"]
url = "https://download.docker.com/mac/static/stable/aarch64/docker-29.7.2.tgz"

[[tools."aqua:lima-vm/lima"]]
version = "2.2.0"
backend = "aqua:lima-vm/lima"
specifiers = ["2.2.0"]

[tools."aqua:lima-vm/lima"."platforms.macos-arm64"]
checksum = "sha256:bbdef91774885a0d05f7b048c4eb89ae2bcf3a0c252ae7ca7934e63df76d93c3"
url = "https://github.com/lima-vm/lima/releases/download/v2.2.0/lima-2.2.0-Darwin-arm64.tar.gz"
url_api = "https://api.github.com/repos/lima-vm/lima/releases/assets/484813994"
provenance = "github-attestations"
