# @generated - this file is auto-generated by `mise lock` https://mise.jdx.dev/dev-tools/mise-lock.html

lockfile_version = 1

[[tools."aqua:atuinsh/atuin"]]
version = "18.20.1"
backend = "aqua:atuinsh/atuin"
specifiers = ["18.20.1"]

[tools."aqua:atuinsh/atuin"."platforms.linux-arm64"]
checksum = "sha256:95e465ab3d9c328732b3e129f7bdd3864d32948afb6c18f306101ee11ba57177"
url = "https://github.com/atuinsh/atuin/releases/download/v18.20.1/atuin-aarch64-unknown-linux-gnu.tar.gz"
url_api = "https://api.github.com/repos/atuinsh/atuin/releases/assets/531543785"
provenance = "github-attestations"

[tools."aqua:atuinsh/atuin"."platforms.linux-x64"]
checksum = "sha256:f2dc7cd19fba87efdea37d80695f7d29364bd66384098fa5bdbc3e0654be4e33"
url = "https://github.com/atuinsh/atuin/releases/download/v18.20.1/atuin-x86_64-unknown-linux-gnu.tar.gz"
url_api = "https://api.github.com/repos/atuinsh/atuin/releases/assets/531543852"
provenance = "github-attestations"

[tools."aqua:atuinsh/atuin"."platforms.linux-x64-musl"]
checksum = "sha256:1ad3e8162b4570118a3e05ae6b9ca0575aad0bb018a83001805c4f52d4fe9c8f"
url = "https://github.com/atuinsh/atuin/releases/download/v18.20.1/atuin-x86_64-unknown-linux-musl.tar.gz"
url_api = "https://api.github.com/repos/atuinsh/atuin/releases/assets/531543854"
provenance = "github-attestations"

[tools."aqua:atuinsh/atuin"."platforms.macos-arm64"]
checksum = "sha256:690281d1b907973856ddc4430461f880530cc3f52398a331c284b2f9371f5025"
url = "https://github.com/atuinsh/atuin/releases/download/v18.20.1/atuin-aarch64-apple-darwin.tar.gz"
url_api = "https://api.github.com/repos/atuinsh/atuin/releases/assets/531543786"
provenance = "github-attestations"

[tools."aqua:atuinsh/atuin"."platforms.windows-x64"]
checksum = "sha256:58f0086480efada13396920481642b137f4d2984b9bdf4bf4aa9f27cf8bdff34"
url = "https://github.com/atuinsh/atuin/releases/download/v18.20.1/atuin-x86_64-pc-windows-msvc.zip"
url_api = "https://api.github.com/repos/atuinsh/atuin/releases/assets/531543850"
provenance = "github-attestations"

[[tools."aqua:dandavison/delta"]]
version = "0.19.2"
backend = "aqua:dandavison/delta"
specifiers = ["0.19.2"]

[tools."aqua:dandavison/delta"."platforms.linux-arm64"]
checksum = "sha256:0bfce159a5cddd5feb3d6db4a616d883ff51253ce08ac7ec11cb1d208cfaab9e"
url = "https://github.com/dandavison/delta/releases/download/0.19.2/delta-0.19.2-aarch64-unknown-linux-gnu.tar.gz"
url_api = "https://api.github.com/repos/dandavison/delta/releases/assets/383662337"

[tools."aqua:dandavison/delta"."platforms.linux-x64"]
checksum = "sha256:8e695c5f586a8c53d6c3b01be0b4a422ed218bfed2a56191caebe373a1c18ab2"
url = "https://github.com/dandavison/delta/releases/download/0.19.2/delta-0.19.2-x86_64-unknown-linux-gnu.tar.gz"
url_api = "https://api.github.com/repos/dandavison/delta/releases/assets/383662069"

[tools."aqua:dandavison/delta"."platforms.linux-x64-musl"]
checksum = "sha256:f1ea01ca7728ce3462debc359f39dfc7cbbc1a63224b71fefabf92042864aa1b"
url = "https://github.com/dandavison/delta/releases/download/0.19.2/delta-0.19.2-x86_64-unknown-linux-musl.tar.gz"
url_api = "https://api.github.com/repos/dandavison/delta/releases/assets/383662298"

[tools."aqua:dandavison/delta"."platforms.macos-arm64"]
checksum = "sha256:9be36612a5a13e9e386dc498fb8e50dc87c72ee42b63db0ea05b32f99a72a69a"
url = "https://github.com/dandavison/delta/releases/download/0.19.2/delta-0.19.2-aarch64-apple-darwin.tar.gz"
url_api = "https://api.github.com/repos/dandavison/delta/releases/assets/383662310"

[tools."aqua:dandavison/delta"."platforms.windows-x64"]
checksum = "sha256:ac8ebb4a9f1cbee8b9ea897ba119808a244181adae6f3bed1f3b6b923c50b557"
url = "https://github.com/dandavison/delta/releases/download/0.19.2/delta-0.19.2-x86_64-pc-windows-msvc.zip"
url_api = "https://api.github.com/repos/dandavison/delta/releases/assets/383663165"

[[tools."aqua:tmux/tmux-builds"]]
version = "3.7c"
backend = "aqua:tmux/tmux-builds"
specifiers = ["3.7c"]

[tools."aqua:tmux/tmux-builds"."platforms.linux-arm64"]
checksum = "sha256:29dcb978da2a4b0cf6790f9e004865dac239a3ba03bbf776dddacce23d03831b"
url = "https://github.com/tmux/tmux-builds/releases/download/v3.7c/tmux-3.7c-linux-arm64.tar.gz"
url_api = "https://api.github.com/repos/tmux/tmux-builds/releases/assets/528734863"

[tools."aqua:tmux/tmux-builds"."platforms.linux-x64"]
checksum = "sha256:cc56bd1cc873eb6089c615f0496b072385bda8a6d944069f38564a5d49c128aa"
url = "https://github.com/tmux/tmux-builds/releases/download/v3.7c/tmux-3.7c-linux-x86_64.tar.gz"
url_api = "https://api.github.com/repos/tmux/tmux-builds/releases/assets/528734864"

[tools."aqua:tmux/tmux-builds"."platforms.linux-x64-musl"]
checksum = "sha256:cc56bd1cc873eb6089c615f0496b072385bda8a6d944069f38564a5d49c128aa"
url = "https://github.com/tmux/tmux-builds/releases/download/v3.7c/tmux-3.7c-linux-x86_64.tar.gz"
url_api = "https://api.github.com/repos/tmux/tmux-builds/releases/assets/528734864"

[tools."aqua:tmux/tmux-builds"."platforms.macos-arm64"]
checksum = "sha256:0a763dd0380aa980d239509654da1bc7455843706a3c050f6709c8cd2e13d12d"
url = "https://github.com/tmux/tmux-builds/releases/download/v3.7c/tmux-3.7c-macos-arm64.tar.gz"
url_api = "https://api.github.com/repos/tmux/tmux-builds/releases/assets/528734861"
